
Microsoft Visual Studio Solution File, Format Version 12.00
# Visual Studio Version 16
VisualStudioVersion = 16.0.29424.173
MinimumVisualStudioVersion = 10.0.40219.1
Project("{FAE04EC0-301F-11D3-BF4B-00C04F79EFBC}") = "Fractals", "Fractals\Fractals.csproj", "{8BA66E54-C2EC-427C-A677-6245B0829916}"
EndProject
Project("{FAE04EC0-301F-11D3-BF4B-00C04F79EFBC}") = "Interface", "Interface\Interface.csproj", "{FD7EAA2B-0F64-4780-8ED3-471328CEBC1D}"
EndProject
Global
	GlobalSection(SolutionConfigurationPlatforms) = preSolution
		Debug|Any CPU = Debug|Any CPU
		Release|Any CPU = Release|Any CPU
	EndGlobalSection
	GlobalSection(ProjectConfigurationPlatforms) = postSolution
		{8BA66E54-C2EC-427C-A677-6245B0829916}.Debug|Any CPU.ActiveCfg = Debug|Any CPU
		{8BA66E54-C2EC-427C-A677-6245B0829916}.Debug|Any CPU.Build.0 = Debug|Any CPU
		{8BA66E54-C2EC-427C-A677-6245B0829916}.Release|Any CPU.ActiveCfg = Release|Any CPU
		{8BA66E54-C2EC-427C-A677-6245B0829916}.Release|Any CPU.Build.0 = Release|Any CPU
		{FD7EAA2B-0F64-4780-8ED3-471328CEBC1D}.Debug|Any CPU.ActiveCfg = Debug|Any CPU
		{FD7EAA2B-0F64-4780-8ED3-471328CEBC1D}.Debug|Any CPU.Build.0 = Debug|Any CPU
		{FD7EAA2B-0F64-4780-8ED3-471328CEBC1D}.Release|Any CPU.ActiveCfg = Release|Any CPU
		{FD7EAA2B-0F64-4780-8ED3-471328CEBC1D}.Release|Any CPU.Build.0 = Release|Any CPU
	EndGlobalSection
	GlobalSection(SolutionProperties) = preSolution
		HideSolutionNode = FALSE
	EndGlobalSection
	GlobalSection(ExtensibilityGlobals) = postSolution
		SolutionGuid = {E0C4CB16-0D17-468C-A134-4CCA07A48044}
	EndGlobalSection
EndGlobal
